Microsoft Visual Studio Solution File, Format Version 11.00
# Visual Studio 2008

Project("{479CC8EB-BD0F-71B6-07B9-906C23473E9B}") = "SmashStuff", "Assembly-CSharp-firstpass.csproj", "{6F4926D7-0E96-3C61-6314-1E7D5EAAC511}"
EndProject
Project("{479CC8EB-BD0F-71B6-07B9-906C23473E9B}") = "SmashStuff", "Assembly-CSharp.csproj", "{57076FF0-0677-2C14-DD70-D94FB169F27B}"
EndProject
Project("{479CC8EB-BD0F-71B6-07B9-906C23473E9B}") = "SmashStuff", "Assembly-UnityScript-firstpass.unityproj", "{FB2FC9D9-20B6-2A25-6C5B-F8ECC0FF8BA1}"
EndProject
Project("{479CC8EB-BD0F-71B6-07B9-906C23473E9B}") = "SmashStuff", "Assembly-UnityScript.unityproj", "{BCBB5461-222A-EDC3-E747-3B4961C85B36}"
EndProject
Global
	GlobalSection(SolutionConfigurationPlatforms) = preSolution
		Debug|Any CPU = Debug|Any CPU
		Release|Any CPU = Release|Any CPU
	EndGlobalSection
	GlobalSection(ProjectConfigurationPlatforms) = postSolution
		{6F4926D7-0E96-3C61-6314-1E7D5EAAC511}.Debug|Any CPU.ActiveCfg = Debug|Any CPU
		{6F4926D7-0E96-3C61-6314-1E7D5EAAC511}.Debug|Any CPU.Build.0 = Debug|Any CPU
		{6F4926D7-0E96-3C61-6314-1E7D5EAAC511}.Release|Any CPU.ActiveCfg = Release|Any CPU
		{6F4926D7-0E96-3C61-6314-1E7D5EAAC511}.Release|Any CPU.Build.0 = Release|Any CPU
		{57076FF0-0677-2C14-DD70-D94FB169F27B}.Debug|Any CPU.ActiveCfg = Debug|Any CPU
		{57076FF0-0677-2C14-DD70-D94FB169F27B}.Debug|Any CPU.Build.0 = Debug|Any CPU
		{57076FF0-0677-2C14-DD70-D94FB169F27B}.Release|Any CPU.ActiveCfg = Release|Any CPU
		{57076FF0-0677-2C14-DD70-D94FB169F27B}.Release|Any CPU.Build.0 = Release|Any CPU
		{FB2FC9D9-20B6-2A25-6C5B-F8ECC0FF8BA1}.Debug|Any CPU.ActiveCfg = Debug|Any CPU
		{FB2FC9D9-20B6-2A25-6C5B-F8ECC0FF8BA1}.Debug|Any CPU.Build.0 = Debug|Any CPU
		{FB2FC9D9-20B6-2A25-6C5B-F8ECC0FF8BA1}.Release|Any CPU.ActiveCfg = Release|Any CPU
		{FB2FC9D9-20B6-2A25-6C5B-F8ECC0FF8BA1}.Release|Any CPU.Build.0 = Release|Any CPU
		{BCBB5461-222A-EDC3-E747-3B4961C85B36}.Debug|Any CPU.ActiveCfg = Debug|Any CPU
		{BCBB5461-222A-EDC3-E747-3B4961C85B36}.Debug|Any CPU.Build.0 = Debug|Any CPU
		{BCBB5461-222A-EDC3-E747-3B4961C85B36}.Release|Any CPU.ActiveCfg = Release|Any CPU
		{BCBB5461-222A-EDC3-E747-3B4961C85B36}.Release|Any CPU.Build.0 = Release|Any CPU
	EndGlobalSection
	GlobalSection(SolutionProperties) = preSolution
		HideSolutionNode = FALSE
	EndGlobalSection
																												GlobalSection(MonoDevelopProperties) = preSolution
		StartupItem = Assembly-CSharp.csproj
		Policies = $0
		$0.TextStylePolicy = $1
		$1.inheritsSet = null
		$1.scope = text/x-csharp
		$0.CSharpFormattingPolicy = $2
		$2.inheritsSet = Mono
		$2.inheritsScope = text/x-csharp
		$2.scope = text/x-csharp
		$0.TextStylePolicy = $3
		$3.FileWidth = 120
		$3.TabWidth = 4
		$3.EolMarker = Unix
		$3.inheritsSet = Mono
		$3.inheritsScope = text/plain
		$3.scope = text/plain
	EndGlobalSection

EndGlobal
